
Microsoft Visual Studio Solution File, Format Version 12.00
# Visual Studio 15
VisualStudioVersion = 15.0.26730.16
MinimumVisualStudioVersion = 10.0.40219.1
Project("{FAE04EC0-301F-11D3-BF4B-00C04F79EFBC}") = "CoverageConverter", "CoverageConverter\CoverageConverter.csproj", "{09F628A1-A3E7-4DBD-A5C1-9DA987C4B8DB}"
EndProject
Global
	GlobalSection(SolutionConfigurationPlatforms) = preSolution
		Debug|Any CPU = Debug|Any CPU
		Release|Any CPU = Release|Any CPU
	EndGlobalSection
	GlobalSection(ProjectConfigurationPlatforms) = postSolution
		{09F628A1-A3E7-4DBD-A5C1-9DA987C4B8DB}.Debug|Any CPU.ActiveCfg = Debug|Any CPU
		{09F628A1-A3E7-4DBD-A5C1-9DA987C4B8DB}.Debug|Any CPU.Build.0 = Debug|Any CPU
		{09F628A1-A3E7-4DBD-A5C1-9DA987C4B8DB}.Release|Any CPU.ActiveCfg = Release|Any CPU
		{09F628A1-A3E7-4DBD-A5C1-9DA987C4B8DB}.Release|Any CPU.Build.0 = Release|Any CPU
	EndGlobalSection
	GlobalSection(SolutionProperties) = preSolution
		HideSolutionNode = FALSE
	EndGlobalSection
	GlobalSection(ExtensibilityGlobals) = postSolution
		SolutionGuid = {46B85514-09C6-4686-A672-FAC4AA7D8B72}
	EndGlobalSection
EndGlobal
